
Microsoft Visual Studio Solution File, Format Version 12.00
# Visual Studio Version 17
VisualStudioVersion = 17.8.34511.84
MinimumVisualStudioVersion = 10.0.40219.1
Project("{9A19103F-16F7-4668-BE54-9A1E7A4F7556}") = "Egzamin_Rectangle1", "Egzamin_Rectangle1\Egzamin_Rectangle1.csproj", "{2D9CA4A9-282D-48F1-BF5E-E809B9B7AE10}"
EndProject
Project("{9A19103F-16F7-4668-BE54-9A1E7A4F7556}") = "Egzamin2023", "Egzamin2023\Egzamin2023.csproj", "{B946E505-6C55-436C-9050-65BC2C51C885}"
EndProject
Project("{9A19103F-16F7-4668-BE54-9A1E7A4F7556}") = "Egzamin2023Test", "Egzamin2023Test\Egzamin2023Test.csproj", "{60BD70D8-7900-46BB-8188-3E588397DBE8}"
EndProject
Project("{9A19103F-16F7-4668-BE54-9A1E7A4F7556}") = "AplikacjaLaby", "AplikacjaLaby\AplikacjaLaby.csproj", "{41C9D7CB-9ABD-49C4-8724-6E9DB022DB28}"
EndProject
Project("{9A19103F-16F7-4668-BE54-9A1E7A4F7556}") = "AplikacjaLabyData", "AplikacjaLabyData\AplikacjaLabyData.csproj", "{83AD323D-EF7E-4D63-87F4-C0F1E517EE62}"
EndProject
Project("{9A19103F-16F7-4668-BE54-9A1E7A4F7556}") = "Egzamin_Rectangle2", "Egzamin_Rectangle2\Egzamin_Rectangle2.csproj", "{6D1823B2-4BC3-4A4A-9C9F-E2A92A2851EB}"
EndProject
Project("{9A19103F-16F7-4668-BE54-9A1E7A4F7556}") = "DbFirst1", "DbFirst1\DbFirst1.csproj", "{9522B2CE-6A9C-4702-807D-D857F927C6C6}"
EndProject
Project("{9A19103F-16F7-4668-BE54-9A1E7A4F7556}") = "DbFirst2_SQL", "DbFirst2_SQL\DbFirst2_SQL.csproj", "{39644866-DF6C-4D6A-BBD2-3782FBFCAABA}"
EndProject
Project("{9A19103F-16F7-4668-BE54-9A1E7A4F7556}") = "Egzamin", "Egzamin\Egzamin.csproj", "{BD5FB849-5C00-4BCA-A4F2-974B1FC9E0D6}"
EndProject
Project("{9A19103F-16F7-4668-BE54-9A1E7A4F7556}") = "EgzaminTest", "EgzaminTest\EgzaminTest.csproj", "{5CFB7F34-744C-4813-A439-FE2767038B89}"
EndProject
Global
	GlobalSection(SolutionConfigurationPlatforms) = preSolution
		Debug|Any CPU = Debug|Any CPU
		Release|Any CPU = Release|Any CPU
	EndGlobalSection
	GlobalSection(ProjectConfigurationPlatforms) = postSolution
		{2D9CA4A9-282D-48F1-BF5E-E809B9B7AE10}.Debug|Any CPU.ActiveCfg = Debug|Any CPU
		{2D9CA4A9-282D-48F1-BF5E-E809B9B7AE10}.Debug|Any CPU.Build.0 = Debug|Any CPU
		{2D9CA4A9-282D-48F1-BF5E-E809B9B7AE10}.Release|Any CPU.ActiveCfg = Release|Any CPU
		{2D9CA4A9-282D-48F1-BF5E-E809B9B7AE10}.Release|Any CPU.Build.0 = Release|Any CPU
		{B946E505-6C55-436C-9050-65BC2C51C885}.Debug|Any CPU.ActiveCfg = Debug|Any CPU
		{B946E505-6C55-436C-9050-65BC2C51C885}.Debug|Any CPU.Build.0 = Debug|Any CPU
		{B946E505-6C55-436C-9050-65BC2C51C885}.Release|Any CPU.ActiveCfg = Release|Any CPU
		{B946E505-6C55-436C-9050-65BC2C51C885}.Release|Any CPU.Build.0 = Release|Any CPU
		{60BD70D8-7900-46BB-8188-3E588397DBE8}.Debug|Any CPU.ActiveCfg = Debug|Any CPU
		{60BD70D8-7900-46BB-8188-3E588397DBE8}.Debug|Any CPU.Build.0 = Debug|Any CPU
		{60BD70D8-7900-46BB-8188-3E588397DBE8}.Release|Any CPU.ActiveCfg = Release|Any CPU
		{60BD70D8-7900-46BB-8188-3E588397DBE8}.Release|Any CPU.Build.0 = Release|Any CPU
		{41C9D7CB-9ABD-49C4-8724-6E9DB022DB28}.Debug|Any CPU.ActiveCfg = Debug|Any CPU
		{41C9D7CB-9ABD-49C4-8724-6E9DB022DB28}.Debug|Any CPU.Build.0 = Debug|Any CPU
		{41C9D7CB-9ABD-49C4-8724-6E9DB022DB28}.Release|Any CPU.ActiveCfg = Release|Any CPU
		{41C9D7CB-9ABD-49C4-8724-6E9DB022DB28}.Release|Any CPU.Build.0 = Release|Any CPU
		{83AD323D-EF7E-4D63-87F4-C0F1E517EE62}.Debug|Any CPU.ActiveCfg = Debug|Any CPU
		{83AD323D-EF7E-4D63-87F4-C0F1E517EE62}.Debug|Any CPU.Build.0 = Debug|Any CPU
		{83AD323D-EF7E-4D63-87F4-C0F1E517EE62}.Release|Any CPU.ActiveCfg = Release|Any CPU
		{83AD323D-EF7E-4D63-87F4-C0F1E517EE62}.Release|Any CPU.Build.0 = Release|Any CPU
		{6D1823B2-4BC3-4A4A-9C9F-E2A92A2851EB}.Debug|Any CPU.ActiveCfg = Debug|Any CPU
		{6D1823B2-4BC3-4A4A-9C9F-E2A92A2851EB}.Debug|Any CPU.Build.0 = Debug|Any CPU
		{6D1823B2-4BC3-4A4A-9C9F-E2A92A2851EB}.Release|Any CPU.ActiveCfg = Release|Any CPU
		{6D1823B2-4BC3-4A4A-9C9F-E2A92A2851EB}.Release|Any CPU.Build.0 = Release|Any CPU
		{9522B2CE-6A9C-4702-807D-D857F927C6C6}.Debug|Any CPU.ActiveCfg = Debug|Any CPU
		{9522B2CE-6A9C-4702-807D-D857F927C6C6}.Debug|Any CPU.Build.0 = Debug|Any CPU
		{9522B2CE-6A9C-4702-807D-D857F927C6C6}.Release|Any CPU.ActiveCfg = Release|Any CPU
		{9522B2CE-6A9C-4702-807D-D857F927C6C6}.Release|Any CPU.Build.0 = Release|Any CPU
		{39644866-DF6C-4D6A-BBD2-3782FBFCAABA}.Debug|Any CPU.ActiveCfg = Debug|Any CPU
		{39644866-DF6C-4D6A-BBD2-3782FBFCAABA}.Debug|Any CPU.Build.0 = Debug|Any CPU
		{39644866-DF6C-4D6A-BBD2-3782FBFCAABA}.Release|Any CPU.ActiveCfg = Release|Any CPU
		{39644866-DF6C-4D6A-BBD2-3782FBFCAABA}.Release|Any CPU.Build.0 = Release|Any CPU
		{BD5FB849-5C00-4BCA-A4F2-974B1FC9E0D6}.Debug|Any CPU.ActiveCfg = Debug|Any CPU
		{BD5FB849-5C00-4BCA-A4F2-974B1FC9E0D6}.Debug|Any CPU.Build.0 = Debug|Any CPU
		{BD5FB849-5C00-4BCA-A4F2-974B1FC9E0D6}.Release|Any CPU.ActiveCfg = Release|Any CPU
		{BD5FB849-5C00-4BCA-A4F2-974B1FC9E0D6}.Release|Any CPU.Build.0 = Release|Any CPU
		{5CFB7F34-744C-4813-A439-FE2767038B89}.Debug|Any CPU.ActiveCfg = Debug|Any CPU
		{5CFB7F34-744C-4813-A439-FE2767038B89}.Debug|Any CPU.Build.0 = Debug|Any CPU
		{5CFB7F34-744C-4813-A439-FE2767038B89}.Release|Any CPU.ActiveCfg = Release|Any CPU
		{5CFB7F34-744C-4813-A439-FE2767038B89}.Release|Any CPU.Build.0 = Release|Any CPU
	EndGlobalSection
	GlobalSection(SolutionProperties) = preSolution
		HideSolutionNode = FALSE
	EndGlobalSection
	GlobalSection(ExtensibilityGlobals) = postSolution
		SolutionGuid = {B56D627D-C3A1-4F92-A783-E9FE5581F719}
	EndGlobalSection
EndGlobal
